# THIS IS AN AUTOGENERATED FILE. DO NOT EDIT THIS FILE DIRECTLY.
# yarn lockfile v1


"@submarin/generator@^1.x":
  version "1.0.0"
  resolved "https://registry.yarnpkg.com/@submarin/generator/-/generator-1.0.0.tgz#86cac85701413c3fa9f58a71980748afc586d2ed"
  integrity sha512-XuBVSRN5XGzVJYyrBj+pFo3GmubpKwWoRfyhO6p/VuCHAQ7zpPU+0k6Yuiw0pauWIsuJwdcRWhZgRXIxG2kalA==
